
Microsoft Visual Studio Solution File, Format Version 12.00
# Visual Studio Version 17
VisualStudioVersion = 17.2.32630.192
MinimumVisualStudioVersion = 10.0.40219.1
Project("{FAE04EC0-301F-11D3-BF4B-00C04F79EFBC}") = "UserAcountManagement.API", "UserAcountManagement.API\UserAcountManagement.API.csproj", "{0F5CBE9D-DDC6-4F57-B00C-C7F89C3ED6F4}"
EndProject
Project("{FAE04EC0-301F-11D3-BF4B-00C04F79EFBC}") = "UserAcountManagement.Service", "UserAcountManagement.Service\UserAcountManagement.Service.csproj", "{C500F22C-A913-4966-8BE4-708580B247F1}"
EndProject
Project("{FAE04EC0-301F-11D3-BF4B-00C04F79EFBC}") = "UserAcountManagement.Storage", "UserAcountManagement.Storage\UserAcountManagement.Storage.csproj", "{57A68A2D-F326-419B-94E4-DA318C35EECB}"
EndProject
Project("{FAE04EC0-301F-11D3-BF4B-00C04F79EFBC}") = "DTO", "DTO\DTO.csproj", "{0140D77D-79CC-48AF-AB42-117C71F93014}"
EndProject
Global
	GlobalSection(SolutionConfigurationPlatforms) = preSolution
		Debug|Any CPU = Debug|Any CPU
		Release|Any CPU = Release|Any CPU
	EndGlobalSection
	GlobalSection(ProjectConfigurationPlatforms) = postSolution
		{0F5CBE9D-DDC6-4F57-B00C-C7F89C3ED6F4}.Debug|Any CPU.ActiveCfg = Debug|Any CPU
		{0F5CBE9D-DDC6-4F57-B00C-C7F89C3ED6F4}.Debug|Any CPU.Build.0 = Debug|Any CPU
		{0F5CBE9D-DDC6-4F57-B00C-C7F89C3ED6F4}.Release|Any CPU.ActiveCfg = Release|Any CPU
		{0F5CBE9D-DDC6-4F57-B00C-C7F89C3ED6F4}.Release|Any CPU.Build.0 = Release|Any CPU
		{C500F22C-A913-4966-8BE4-708580B247F1}.Debug|Any CPU.ActiveCfg = Debug|Any CPU
		{C500F22C-A913-4966-8BE4-708580B247F1}.Debug|Any CPU.Build.0 = Debug|Any CPU
		{C500F22C-A913-4966-8BE4-708580B247F1}.Release|Any CPU.ActiveCfg = Release|Any CPU
		{C500F22C-A913-4966-8BE4-708580B247F1}.Release|Any CPU.Build.0 = Release|Any CPU
		{57A68A2D-F326-419B-94E4-DA318C35EECB}.Debug|Any CPU.ActiveCfg = Debug|Any CPU
		{57A68A2D-F326-419B-94E4-DA318C35EECB}.Debug|Any CPU.Build.0 = Debug|Any CPU
		{57A68A2D-F326-419B-94E4-DA318C35EECB}.Release|Any CPU.ActiveCfg = Release|Any CPU
		{57A68A2D-F326-419B-94E4-DA318C35EECB}.Release|Any CPU.Build.0 = Release|Any CPU
		{0140D77D-79CC-48AF-AB42-117C71F93014}.Debug|Any CPU.ActiveCfg = Debug|Any CPU
		{0140D77D-79CC-48AF-AB42-117C71F93014}.Debug|Any CPU.Build.0 = Debug|Any CPU
		{0140D77D-79CC-48AF-AB42-117C71F93014}.Release|Any CPU.ActiveCfg = Release|Any CPU
		{0140D77D-79CC-48AF-AB42-117C71F93014}.Release|Any CPU.Build.0 = Release|Any CPU
	EndGlobalSection
	GlobalSection(SolutionProperties) = preSolution
		HideSolutionNode = FALSE
	EndGlobalSection
	GlobalSection(ExtensibilityGlobals) = postSolution
		SolutionGuid = {77682FA4-FCFD-468F-B435-025A2D04F314}
	EndGlobalSection
EndGlobal
